
Microsoft Visual Studio Solution File, Format Version 12.00
# Visual Studio Version 16
VisualStudioVersion = 16.0.31424.327
MinimumVisualStudioVersion = 10.0.40219.1
Project("{9A19103F-16F7-4668-BE54-9A1E7A4F7556}") = "BLL", "BLL\BLL.csproj", "{0231F5D1-B64D-4572-8CDA-91CBB9BE459C}"
EndProject
Project("{9A19103F-16F7-4668-BE54-9A1E7A4F7556}") = "WebFiguras", "WebApplication1\WebFiguras.csproj", "{41428EB6-0B8D-43DB-B606-C65C8C49CFD6}"
EndProject
Global
	GlobalSection(SolutionConfigurationPlatforms) = preSolution
		Debug|Any CPU = Debug|Any CPU
		Release|Any CPU = Release|Any CPU
	EndGlobalSection
	GlobalSection(ProjectConfigurationPlatforms) = postSolution
		{0231F5D1-B64D-4572-8CDA-91CBB9BE459C}.Debug|Any CPU.ActiveCfg = Debug|Any CPU
		{0231F5D1-B64D-4572-8CDA-91CBB9BE459C}.Debug|Any CPU.Build.0 = Debug|Any CPU
		{0231F5D1-B64D-4572-8CDA-91CBB9BE459C}.Release|Any CPU.ActiveCfg = Release|Any CPU
		{0231F5D1-B64D-4572-8CDA-91CBB9BE459C}.Release|Any CPU.Build.0 = Release|Any CPU
		{41428EB6-0B8D-43DB-B606-C65C8C49CFD6}.Debug|Any CPU.ActiveCfg = Debug|Any CPU
		{41428EB6-0B8D-43DB-B606-C65C8C49CFD6}.Debug|Any CPU.Build.0 = Debug|Any CPU
		{41428EB6-0B8D-43DB-B606-C65C8C49CFD6}.Release|Any CPU.ActiveCfg = Release|Any CPU
		{41428EB6-0B8D-43DB-B606-C65C8C49CFD6}.Release|Any CPU.Build.0 = Release|Any CPU
	EndGlobalSection
	GlobalSection(SolutionProperties) = preSolution
		HideSolutionNode = FALSE
	EndGlobalSection
	GlobalSection(ExtensibilityGlobals) = postSolution
		SolutionGuid = {3087B33F-6F27-466D-A2DC-FEBF13666FC4}
	EndGlobalSection
EndGlobal
