
Microsoft Visual Studio Solution File, Format Version 12.00
# Visual Studio Version 16
VisualStudioVersion = 16.0.31424.327
MinimumVisualStudioVersion = 10.0.40219.1
Project("{9A19103F-16F7-4668-BE54-9A1E7A4F7556}") = "BLL", "BLL\BLL.csproj", "{363106BF-B9ED-48BB-962F-F27750D99F8E}"
EndProject
Project("{9A19103F-16F7-4668-BE54-9A1E7A4F7556}") = "UI.ConsoleApp", "UI.ConsoleApp\UI.ConsoleApp.csproj", "{6E630707-2AA2-49AC-97C0-5B13AAB324FE}"
EndProject
Project("{FAE04EC0-301F-11D3-BF4B-00C04F79EFBC}") = "TheoryMenberData.TestProject", "TheoryMenberData.TestProject\TheoryMenberData.TestProject.csproj", "{D42CE597-CFBD-40C0-9FCB-1317299D5FBF}"
EndProject
Global
	GlobalSection(SolutionConfigurationPlatforms) = preSolution
		Debug|Any CPU = Debug|Any CPU
		Release|Any CPU = Release|Any CPU
	EndGlobalSection
	GlobalSection(ProjectConfigurationPlatforms) = postSolution
		{363106BF-B9ED-48BB-962F-F27750D99F8E}.Debug|Any CPU.ActiveCfg = Debug|Any CPU
		{363106BF-B9ED-48BB-962F-F27750D99F8E}.Debug|Any CPU.Build.0 = Debug|Any CPU
		{363106BF-B9ED-48BB-962F-F27750D99F8E}.Release|Any CPU.ActiveCfg = Release|Any CPU
		{363106BF-B9ED-48BB-962F-F27750D99F8E}.Release|Any CPU.Build.0 = Release|Any CPU
		{6E630707-2AA2-49AC-97C0-5B13AAB324FE}.Debug|Any CPU.ActiveCfg = Debug|Any CPU
		{6E630707-2AA2-49AC-97C0-5B13AAB324FE}.Debug|Any CPU.Build.0 = Debug|Any CPU
		{6E630707-2AA2-49AC-97C0-5B13AAB324FE}.Release|Any CPU.ActiveCfg = Release|Any CPU
		{6E630707-2AA2-49AC-97C0-5B13AAB324FE}.Release|Any CPU.Build.0 = Release|Any CPU
		{D42CE597-CFBD-40C0-9FCB-1317299D5FBF}.Debug|Any CPU.ActiveCfg = Debug|Any CPU
		{D42CE597-CFBD-40C0-9FCB-1317299D5FBF}.Debug|Any CPU.Build.0 = Debug|Any CPU
		{D42CE597-CFBD-40C0-9FCB-1317299D5FBF}.Release|Any CPU.ActiveCfg = Release|Any CPU
		{D42CE597-CFBD-40C0-9FCB-1317299D5FBF}.Release|Any CPU.Build.0 = Release|Any CPU
	EndGlobalSection
	GlobalSection(SolutionProperties) = preSolution
		HideSolutionNode = FALSE
	EndGlobalSection
	GlobalSection(ExtensibilityGlobals) = postSolution
		SolutionGuid = {25384317-A733-45D3-B13D-B423669894B8}
	EndGlobalSection
EndGlobal
