
Microsoft Visual Studio Solution File, Format Version 12.00
# Visual Studio Version 16
VisualStudioVersion = 16.0.31624.102
MinimumVisualStudioVersion = 10.0.40219.1
Project("{FAE04EC0-301F-11D3-BF4B-00C04F79EFBC}") = "DependencyInversionPrinciple", "DependencyInversionPrinciple\DependencyInversionPrinciple.csproj", "{14D52232-28E6-4EA8-8118-A0779C8CD367}"
EndProject
Global
	GlobalSection(SolutionConfigurationPlatforms) = preSolution
		Debug|Any CPU = Debug|Any CPU
		Release|Any CPU = Release|Any CPU
	EndGlobalSection
	GlobalSection(ProjectConfigurationPlatforms) = postSolution
		{14D52232-28E6-4EA8-8118-A0779C8CD367}.Debug|Any CPU.ActiveCfg = Debug|Any CPU
		{14D52232-28E6-4EA8-8118-A0779C8CD367}.Debug|Any CPU.Build.0 = Debug|Any CPU
		{14D52232-28E6-4EA8-8118-A0779C8CD367}.Release|Any CPU.ActiveCfg = Release|Any CPU
		{14D52232-28E6-4EA8-8118-A0779C8CD367}.Release|Any CPU.Build.0 = Release|Any CPU
	EndGlobalSection
	GlobalSection(SolutionProperties) = preSolution
		HideSolutionNode = FALSE
	EndGlobalSection
	GlobalSection(ExtensibilityGlobals) = postSolution
		SolutionGuid = {F9CE9FB2-FE2B-491E-B23E-2F6756E18B53}
	EndGlobalSection
EndGlobal
