
Microsoft Visual Studio Solution File, Format Version 12.00
# Visual Studio Version 16
VisualStudioVersion = 16.0.31515.178
MinimumVisualStudioVersion = 10.0.40219.1
Project("{FAE04EC0-301F-11D3-BF4B-00C04F79EFBC}") = "Contratos", "Contratos\Contratos.csproj", "{56143B8F-8AD3-474D-9C75-EE0B084CBB79}"
EndProject
Project("{FAE04EC0-301F-11D3-BF4B-00C04F79EFBC}") = "BLL", "BLL\BLL.csproj", "{B62C4223-0107-460F-9827-6A068DC282D0}"
EndProject
Global
	GlobalSection(SolutionConfigurationPlatforms) = preSolution
		Debug|Any CPU = Debug|Any CPU
		Release|Any CPU = Release|Any CPU
	EndGlobalSection
	GlobalSection(ProjectConfigurationPlatforms) = postSolution
		{56143B8F-8AD3-474D-9C75-EE0B084CBB79}.Debug|Any CPU.ActiveCfg = Debug|Any CPU
		{56143B8F-8AD3-474D-9C75-EE0B084CBB79}.Debug|Any CPU.Build.0 = Debug|Any CPU
		{56143B8F-8AD3-474D-9C75-EE0B084CBB79}.Release|Any CPU.ActiveCfg = Release|Any CPU
		{56143B8F-8AD3-474D-9C75-EE0B084CBB79}.Release|Any CPU.Build.0 = Release|Any CPU
		{B62C4223-0107-460F-9827-6A068DC282D0}.Debug|Any CPU.ActiveCfg = Debug|Any CPU
		{B62C4223-0107-460F-9827-6A068DC282D0}.Debug|Any CPU.Build.0 = Debug|Any CPU
		{B62C4223-0107-460F-9827-6A068DC282D0}.Release|Any CPU.ActiveCfg = Release|Any CPU
		{B62C4223-0107-460F-9827-6A068DC282D0}.Release|Any CPU.Build.0 = Release|Any CPU
	EndGlobalSection
	GlobalSection(SolutionProperties) = preSolution
		HideSolutionNode = FALSE
	EndGlobalSection
	GlobalSection(ExtensibilityGlobals) = postSolution
		SolutionGuid = {FAF3A57E-840A-4EE2-AA86-1B163E4EA9B3}
	EndGlobalSection
EndGlobal
