
Microsoft Visual Studio Solution File, Format Version 12.00
# Visual Studio Version 16
VisualStudioVersion = 16.0.31515.178
MinimumVisualStudioVersion = 10.0.40219.1
Project("{9A19103F-16F7-4668-BE54-9A1E7A4F7556}") = "POOFundamento04WebApplication", "POOFundamento04WebApplication\POOFundamento04WebApplication.csproj", "{C0F6D24E-80B2-47A4-9789-D4E8035C2384}"
EndProject
Project("{FAE04EC0-301F-11D3-BF4B-00C04F79EFBC}") = "WebApplication1", "WebApplication1\WebApplication1.csproj", "{3FF5BD7F-A9FD-45B4-BDE8-DF269379AC49}"
EndProject
Global
	GlobalSection(SolutionConfigurationPlatforms) = preSolution
		Debug|Any CPU = Debug|Any CPU
		Release|Any CPU = Release|Any CPU
	EndGlobalSection
	GlobalSection(ProjectConfigurationPlatforms) = postSolution
		{C0F6D24E-80B2-47A4-9789-D4E8035C2384}.Debug|Any CPU.ActiveCfg = Debug|Any CPU
		{C0F6D24E-80B2-47A4-9789-D4E8035C2384}.Debug|Any CPU.Build.0 = Debug|Any CPU
		{C0F6D24E-80B2-47A4-9789-D4E8035C2384}.Release|Any CPU.ActiveCfg = Release|Any CPU
		{C0F6D24E-80B2-47A4-9789-D4E8035C2384}.Release|Any CPU.Build.0 = Release|Any CPU
		{3FF5BD7F-A9FD-45B4-BDE8-DF269379AC49}.Debug|Any CPU.ActiveCfg = Debug|Any CPU
		{3FF5BD7F-A9FD-45B4-BDE8-DF269379AC49}.Debug|Any CPU.Build.0 = Debug|Any CPU
		{3FF5BD7F-A9FD-45B4-BDE8-DF269379AC49}.Release|Any CPU.ActiveCfg = Release|Any CPU
		{3FF5BD7F-A9FD-45B4-BDE8-DF269379AC49}.Release|Any CPU.Build.0 = Release|Any CPU
	EndGlobalSection
	GlobalSection(SolutionProperties) = preSolution
		HideSolutionNode = FALSE
	EndGlobalSection
	GlobalSection(ExtensibilityGlobals) = postSolution
		SolutionGuid = {5D200526-DAFB-4630-B876-5355503671F8}
	EndGlobalSection
EndGlobal
