
Microsoft Visual Studio Solution File, Format Version 12.00
# Visual Studio Version 16
VisualStudioVersion = 16.0.31515.178
MinimumVisualStudioVersion = 10.0.40219.1
Project("{9A19103F-16F7-4668-BE54-9A1E7A4F7556}") = "BLL", "BLL\BLL.csproj", "{73F3E4DE-B3CB-49E1-B167-C8985DFF35CF}"
EndProject
Project("{FAE04EC0-301F-11D3-BF4B-00C04F79EFBC}") = "ConsoleApp1", "ConsoleApp1\ConsoleApp1.csproj", "{49FC3F58-0DB1-4F04-90C0-1150E4E81830}"
EndProject
Global
	GlobalSection(SolutionConfigurationPlatforms) = preSolution
		Debug|Any CPU = Debug|Any CPU
		Release|Any CPU = Release|Any CPU
	EndGlobalSection
	GlobalSection(ProjectConfigurationPlatforms) = postSolution
		{73F3E4DE-B3CB-49E1-B167-C8985DFF35CF}.Debug|Any CPU.ActiveCfg = Debug|Any CPU
		{73F3E4DE-B3CB-49E1-B167-C8985DFF35CF}.Debug|Any CPU.Build.0 = Debug|Any CPU
		{73F3E4DE-B3CB-49E1-B167-C8985DFF35CF}.Release|Any CPU.ActiveCfg = Release|Any CPU
		{73F3E4DE-B3CB-49E1-B167-C8985DFF35CF}.Release|Any CPU.Build.0 = Release|Any CPU
		{49FC3F58-0DB1-4F04-90C0-1150E4E81830}.Debug|Any CPU.ActiveCfg = Debug|Any CPU
		{49FC3F58-0DB1-4F04-90C0-1150E4E81830}.Debug|Any CPU.Build.0 = Debug|Any CPU
		{49FC3F58-0DB1-4F04-90C0-1150E4E81830}.Release|Any CPU.ActiveCfg = Release|Any CPU
		{49FC3F58-0DB1-4F04-90C0-1150E4E81830}.Release|Any CPU.Build.0 = Release|Any CPU
	EndGlobalSection
	GlobalSection(SolutionProperties) = preSolution
		HideSolutionNode = FALSE
	EndGlobalSection
	GlobalSection(ExtensibilityGlobals) = postSolution
		SolutionGuid = {F6B33321-BA1E-46D9-890D-CB569686D565}
	EndGlobalSection
EndGlobal
