
Microsoft Visual Studio Solution File, Format Version 12.00
# Visual Studio Version 16
VisualStudioVersion = 16.0.31515.178
MinimumVisualStudioVersion = 10.0.40219.1
Project("{FAE04EC0-301F-11D3-BF4B-00C04F79EFBC}") = "BLL", "BLL\BLL.csproj", "{98118BE3-A6D1-47E5-A658-94C414A72703}"
EndProject
Project("{FAE04EC0-301F-11D3-BF4B-00C04F79EFBC}") = "POOFundamentos03", "POOFundamentos03\POOFundamentos03.csproj", "{988E7C8E-C069-479B-A1B6-05537BEE694D}"
EndProject
Global
	GlobalSection(SolutionConfigurationPlatforms) = preSolution
		Debug|Any CPU = Debug|Any CPU
		Release|Any CPU = Release|Any CPU
	EndGlobalSection
	GlobalSection(ProjectConfigurationPlatforms) = postSolution
		{98118BE3-A6D1-47E5-A658-94C414A72703}.Debug|Any CPU.ActiveCfg = Debug|Any CPU
		{98118BE3-A6D1-47E5-A658-94C414A72703}.Debug|Any CPU.Build.0 = Debug|Any CPU
		{98118BE3-A6D1-47E5-A658-94C414A72703}.Release|Any CPU.ActiveCfg = Release|Any CPU
		{98118BE3-A6D1-47E5-A658-94C414A72703}.Release|Any CPU.Build.0 = Release|Any CPU
		{988E7C8E-C069-479B-A1B6-05537BEE694D}.Debug|Any CPU.ActiveCfg = Debug|Any CPU
		{988E7C8E-C069-479B-A1B6-05537BEE694D}.Debug|Any CPU.Build.0 = Debug|Any CPU
		{988E7C8E-C069-479B-A1B6-05537BEE694D}.Release|Any CPU.ActiveCfg = Release|Any CPU
		{988E7C8E-C069-479B-A1B6-05537BEE694D}.Release|Any CPU.Build.0 = Release|Any CPU
	EndGlobalSection
	GlobalSection(SolutionProperties) = preSolution
		HideSolutionNode = FALSE
	EndGlobalSection
	GlobalSection(ExtensibilityGlobals) = postSolution
		SolutionGuid = {43A48E7B-674F-42D3-8199-8EE33B0207A6}
	EndGlobalSection
EndGlobal
